
Microsoft Visual Studio Solution File, Format Version 12.00
# Visual Studio Version 17
VisualStudioVersion = 17.4.33403.182
MinimumVisualStudioVersion = 10.0.40219.1
Project("{888888A0-9F3D-457C-B088-3A5042F75D52}") = "MY_ANALISES", "MY_ANALISES.pyproj", "{1165926B-6A68-4E48-B803-6A2221230E2D}"
EndProject
Global
	GlobalSection(SolutionConfigurationPlatforms) = preSolution
		Debug|Any CPU = Debug|Any CPU
		Release|Any CPU = Release|Any CPU
	EndGlobalSection
	GlobalSection(ProjectConfigurationPlatforms) = postSolution
		{1165926B-6A68-4E48-B803-6A2221230E2D}.Debug|Any CPU.ActiveCfg = Debug|Any CPU
		{1165926B-6A68-4E48-B803-6A2221230E2D}.Release|Any CPU.ActiveCfg = Release|Any CPU
	EndGlobalSection
	GlobalSection(SolutionProperties) = preSolution
		HideSolutionNode = FALSE
	EndGlobalSection
	GlobalSection(ExtensibilityGlobals) = postSolution
		SolutionGuid = {E75CDD87-05EA-4EE5-BC0D-529849A1B4FE}
	EndGlobalSection
EndGlobal
